// !$*UTF8*$!
{
	archiveVersion = 1;
	classes = {
	};
	objectVersion = 46;
	objects = {

/* Begin PBXBuildFile section */
		0FCF9D12DE410B80A7D202D4 /* Pods_MWPhotoBrowser_New_Example.framework in Frameworks */ = {isa = PBXBuildFile; fileRef = CD4DA8F216044383E9ADCE61 /* Pods_MWPhotoBrowser_New_Example.framework */; };
		34337AA42114002A001B4CB2 /* photo7t.jpg in Resources */ = {isa = PBXBuildFile; fileRef = 34337A922114002A001B4CB2 /* photo7t.jpg */; };
		34337AA52114002A001B4CB2 /* photo6t.jpg in Resources */ = {isa = PBXBuildFile; fileRef = 34337A932114002A001B4CB2 /* photo6t.jpg */; };
		34337AA62114002A001B4CB2 /* photo8.jpg in Resources */ = {isa = PBXBuildFile; fileRef = 34337A942114002A001B4CB2 /* photo8.jpg */; };
		34337AA72114002A001B4CB2 /* photo1t.jpg in Resources */ = {isa = PBXBuildFile; fileRef = 34337A952114002A001B4CB2 /* photo1t.jpg */; };
		34337AA82114002A001B4CB2 /* video_thumb.jpg in Resources */ = {isa = PBXBuildFile; fileRef = 34337A962114002A001B4CB2 /* video_thumb.jpg */; };
		34337AA92114002A001B4CB2 /* video.mp4 in Resources */ = {isa = PBXBuildFile; fileRef = 34337A972114002A001B4CB2 /* video.mp4 */; };
		34337AAA2114002A001B4CB2 /* photo3t.jpg in Resources */ = {isa = PBXBuildFile; fileRef = 34337A982114002A001B4CB2 /* photo3t.jpg */; };
		34337AAB2114002A001B4CB2 /* photo2t.jpg in Resources */ = {isa = PBXBuildFile; fileRef = 34337A992114002A001B4CB2 /* photo2t.jpg */; };
		34337AAC2114002A001B4CB2 /* photo5t.jpg in Resources */ = {isa = PBXBuildFile; fileRef = 34337A9A2114002A001B4CB2 /* photo5t.jpg */; };
		34337AAD2114002A001B4CB2 /* photo4.jpg in Resources */ = {isa = PBXBuildFile; fileRef = 34337A9B2114002A001B4CB2 /* photo4.jpg */; };
		34337AAE2114002A001B4CB2 /* photo5.jpg in Resources */ = {isa = PBXBuildFile; fileRef = 34337A9C2114002A001B4CB2 /* photo5.jpg */; };
		34337AAF2114002A001B4CB2 /* photo7.jpg in Resources */ = {isa = PBXBuildFile; fileRef = 34337A9D2114002A001B4CB2 /* photo7.jpg */; };
		34337AB02114002A001B4CB2 /* photo6.jpg in Resources */ = {isa = PBXBuildFile; fileRef = 34337A9E2114002A001B4CB2 /* photo6.jpg */; };
		34337AB12114002A001B4CB2 /* photo2.jpg in Resources */ = {isa = PBXBuildFile; fileRef = 34337A9F2114002A001B4CB2 /* photo2.jpg */; };
		34337AB22114002A001B4CB2 /* photo3.jpg in Resources */ = {isa = PBXBuildFile; fileRef = 34337AA02114002A001B4CB2 /* photo3.jpg */; };
		34337AB32114002A001B4CB2 /* photo8t.jpg in Resources */ = {isa = PBXBuildFile; fileRef = 34337AA12114002A001B4CB2 /* photo8t.jpg */; };
		34337AB42114002A001B4CB2 /* photo1.jpg in Resources */ = {isa = PBXBuildFile; fileRef = 34337AA22114002A001B4CB2 /* photo1.jpg */; };
		34337AB52114002A001B4CB2 /* photo4t.jpg in Resources */ = {isa = PBXBuildFile; fileRef = 34337AA32114002A001B4CB2 /* photo4t.jpg */; };
		3463FAFB21131DDC00D4F1D3 /* AppDelegate.m in Sources */ = {isa = PBXBuildFile; fileRef = 34D1A73721131C9E00713BFC /* AppDelegate.m */; };
		3463FAFD21131DE700D4F1D3 /* Menu.m in Sources */ = {isa = PBXBuildFile; fileRef = 3463FAFC21131DE700D4F1D3 /* Menu.m */; };
		3463FB2421131F2E00D4F1D3 /* Main.storyboard in Resources */ = {isa = PBXBuildFile; fileRef = 3463FB2321131F2E00D4F1D3 /* Main.storyboard */; };
		6003F58E195388D20070C39A /* Foundation.framework in Frameworks */ = {isa = PBXBuildFile; fileRef = 6003F58D195388D20070C39A /* Foundation.framework */; };
		6003F590195388D20070C39A /* CoreGraphics.framework in Frameworks */ = {isa = PBXBuildFile; fileRef = 6003F58F195388D20070C39A /* CoreGraphics.framework */; };
		6003F592195388D20070C39A /* UIKit.framework in Frameworks */ = {isa = PBXBuildFile; fileRef = 6003F591195388D20070C39A /* UIKit.framework */; };
		6003F598195388D20070C39A /* InfoPlist.strings in Resources */ = {isa = PBXBuildFile; fileRef = 6003F596195388D20070C39A /* InfoPlist.strings */; };
		6003F59A195388D20070C39A /* main.m in Sources */ = {isa = PBXBuildFile; fileRef = 6003F599195388D20070C39A /* main.m */; };
		6003F5A9195388D20070C39A /* Images.xcassets in Resources */ = {isa = PBXBuildFile; fileRef = 6003F5A8195388D20070C39A /* Images.xcassets */; };
		6003F5B0195388D20070C39A /* XCTest.framework in Frameworks */ = {isa = PBXBuildFile; fileRef = 6003F5AF195388D20070C39A /* XCTest.framework */; };
		6003F5B1195388D20070C39A /* Foundation.framework in Frameworks */ = {isa = PBXBuildFile; fileRef = 6003F58D195388D20070C39A /* Foundation.framework */; };
		6003F5B2195388D20070C39A /* UIKit.framework in Frameworks */ = {isa = PBXBuildFile; fileRef = 6003F591195388D20070C39A /* UIKit.framework */; };
		6003F5BA195388D20070C39A /* InfoPlist.strings in Resources */ = {isa = PBXBuildFile; fileRef = 6003F5B8195388D20070C39A /* InfoPlist.strings */; };
		6003F5BC195388D20070C39A /* Tests.m in Sources */ = {isa = PBXBuildFile; fileRef = 6003F5BB195388D20070C39A /* Tests.m */; };
		71719F9F1E33DC2100824A3D /* LaunchScreen.storyboard in Resources */ = {isa = PBXBuildFile; fileRef = 71719F9D1E33DC2100824A3D /* LaunchScreen.storyboard */; };
		84BB32F0A9A6621AD876F8B2 /* Pods_MWPhotoBrowser_New_Tests.framework in Frameworks */ = {isa = PBXBuildFile; fileRef = D93BB8FC84EFE0E996D05E24 /* Pods_MWPhotoBrowser_New_Tests.framework */; };
/* End PBXBuildFile section */

/* Begin PBXContainerItemProxy section */
		6003F5B3195388D20070C39A /* PBXContainerItemProxy */ = {
			isa = PBXContainerItemProxy;
			containerPortal = 6003F582195388D10070C39A /* Project object */;
			proxyType = 1;
			remoteGlobalIDString = 6003F589195388D20070C39A;
			remoteInfo = MWPhotoBrowser_New;
		};
/* End PBXContainerItemProxy section */

/* Begin PBXFileReference section */
		34337A922114002A001B4CB2 /* photo7t.jpg */ = {isa = PBXFileReference; lastKnownFileType = image.jpeg; path = photo7t.jpg; sourceTree = "<group>"; };
		34337A932114002A001B4CB2 /* photo6t.jpg */ = {isa = PBXFileReference; lastKnownFileType = image.jpeg; path = photo6t.jpg; sourceTree = "<group>"; };
		34337A942114002A001B4CB2 /* photo8.jpg */ = {isa = PBXFileReference; lastKnownFileType = image.jpeg; path = photo8.jpg; sourceTree = "<group>"; };
		34337A952114002A001B4CB2 /* photo1t.jpg */ = {isa = PBXFileReference; lastKnownFileType = image.jpeg; path = photo1t.jpg; sourceTree = "<group>"; };
		34337A962114002A001B4CB2 /* video_thumb.jpg */ = {isa = PBXFileReference; lastKnownFileType = image.jpeg; path = video_thumb.jpg; sourceTree = "<group>"; };
		34337A972114002A001B4CB2 /* video.mp4 */ = {isa = PBXFileReference; lastKnownFileType = file; path = video.mp4; sourceTree = "<group>"; };
		34337A982114002A001B4CB2 /* photo3t.jpg */ = {isa = PBXFileReference; lastKnownFileType = image.jpeg; path = photo3t.jpg; sourceTree = "<group>"; };
		34337A992114002A001B4CB2 /* photo2t.jpg */ = {isa = PBXFileReference; lastKnownFileType = image.jpeg; path = photo2t.jpg; sourceTree = "<group>"; };
		34337A9A2114002A001B4CB2 /* photo5t.jpg */ = {isa = PBXFileReference; lastKnownFileType = image.jpeg; path = photo5t.jpg; sourceTree = "<group>"; };
		34337A9B2114002A001B4CB2 /* photo4.jpg */ = {isa = PBXFileReference; lastKnownFileType = image.jpeg; path = photo4.jpg; sourceTree = "<group>"; };
		34337A9C2114002A001B4CB2 /* photo5.jpg */ = {isa = PBXFileReference; lastKnownFileType = image.jpeg; path = photo5.jpg; sourceTree = "<group>"; };
		34337A9D2114002A001B4CB2 /* photo7.jpg */ = {isa = PBXFileReference; lastKnownFileType = image.jpeg; path = photo7.jpg; sourceTree = "<group>"; };
		34337A9E2114002A001B4CB2 /* photo6.jpg */ = {isa = PBXFileReference; lastKnownFileType = image.jpeg; path = photo6.jpg; sourceTree = "<group>"; };
		34337A9F2114002A001B4CB2 /* photo2.jpg */ = {isa = PBXFileReference; lastKnownFileType = image.jpeg; path = photo2.jpg; sourceTree = "<group>"; };
		34337AA02114002A001B4CB2 /* photo3.jpg */ = {isa = PBXFileReference; lastKnownFileType = image.jpeg; path = photo3.jpg; sourceTree = "<group>"; };
		34337AA12114002A001B4CB2 /* photo8t.jpg */ = {isa = PBXFileReference; lastKnownFileType = image.jpeg; path = photo8t.jpg; sourceTree = "<group>"; };
		34337AA22114002A001B4CB2 /* photo1.jpg */ = {isa = PBXFileReference; lastKnownFileType = image.jpeg; path = photo1.jpg; sourceTree = "<group>"; };
		34337AA32114002A001B4CB2 /* photo4t.jpg */ = {isa = PBXFileReference; lastKnownFileType = image.jpeg; path = photo4t.jpg; sourceTree = "<group>"; };
		3463FAFC21131DE700D4F1D3 /* Menu.m */ = {isa = PBXFileReference; fileEncoding = 4; lastKnownFileType = sourcecode.c.objc; path = Menu.m; sourceTree = "<group>"; };
		3463FB2321131F2E00D4F1D3 /* Main.storyboard */ = {isa = PBXFileReference; fileEncoding = 4; lastKnownFileType = file.storyboard; path = Main.storyboard; sourceTree = "<group>"; };
		34D1A73621131C9E00713BFC /* AppDelegate.h */ = {isa = PBXFileReference; lastKnownFileType = sourcecode.c.h; path = AppDelegate.h; sourceTree = "<group>"; };
		34D1A73721131C9E00713BFC /* AppDelegate.m */ = {isa = PBXFileReference; lastKnownFileType = sourcecode.c.objc; path = AppDelegate.m; sourceTree = "<group>"; };
		34D1A73821131C9E00713BFC /* Menu.h */ = {isa = PBXFileReference; lastKnownFileType = sourcecode.c.h; path = Menu.h; sourceTree = "<group>"; };
		426CD9664314FD1C1018BAE1 /* LICENSE */ = {isa = PBXFileReference; includeInIndex = 1; lastKnownFileType = text; name = LICENSE; path = ../LICENSE; sourceTree = "<group>"; };
		6003F58A195388D20070C39A /* MWPhotoBrowser_New_Example.app */ = {isa = PBXFileReference; explicitFileType = wrapper.application; includeInIndex = 0; path = MWPhotoBrowser_New_Example.app; sourceTree = BUILT_PRODUCTS_DIR; };
		6003F58D195388D20070C39A /* Foundation.framework */ = {isa = PBXFileReference; lastKnownFileType = wrapper.framework; name = Foundation.framework; path = System/Library/Frameworks/Foundation.framework; sourceTree = SDKROOT; };
		6003F58F195388D20070C39A /* CoreGraphics.framework */ = {isa = PBXFileReference; lastKnownFileType = wrapper.framework; name = CoreGraphics.framework; path = System/Library/Frameworks/CoreGraphics.framework; sourceTree = SDKROOT; };
		6003F591195388D20070C39A /* UIKit.framework */ = {isa = PBXFileReference; lastKnownFileType = wrapper.framework; name = UIKit.framework; path = System/Library/Frameworks/UIKit.framework; sourceTree = SDKROOT; };
		6003F595195388D20070C39A /* MWPhotoBrowser_New-Info.plist */ = {isa = PBXFileReference; lastKnownFileType = text.plist.xml; path = "MWPhotoBrowser_New-Info.plist"; sourceTree = "<group>"; };
		6003F597195388D20070C39A /* en */ = {isa = PBXFileReference; lastKnownFileType = text.plist.strings; name = en; path = en.lproj/InfoPlist.strings; sourceTree = "<group>"; };
		6003F599195388D20070C39A /* main.m */ = {isa = PBXFileReference; lastKnownFileType = sourcecode.c.objc; path = main.m; sourceTree = "<group>"; };
		6003F59B195388D20070C39A /* MWPhotoBrowser_New-Prefix.pch */ = {isa = PBXFileReference; lastKnownFileType = sourcecode.c.h; path = "MWPhotoBrowser_New-Prefix.pch"; sourceTree = "<group>"; };
		6003F5A8195388D20070C39A /* Images.xcassets */ = {isa = PBXFileReference; lastKnownFileType = folder.assetcatalog; path = Images.xcassets; sourceTree = "<group>"; };
		6003F5AE195388D20070C39A /* MWPhotoBrowser_New_Tests.xctest */ = {isa = PBXFileReference; explicitFileType = wrapper.cfbundle; includeInIndex = 0; path = MWPhotoBrowser_New_Tests.xctest; sourceTree = BUILT_PRODUCTS_DIR; };
		6003F5AF195388D20070C39A /* XCTest.framework */ = {isa = PBXFileReference; lastKnownFileType = wrapper.framework; name = XCTest.framework; path = Library/Frameworks/XCTest.framework; sourceTree = DEVELOPER_DIR; };
		6003F5B7195388D20070C39A /* Tests-Info.plist */ = {isa = PBXFileReference; lastKnownFileType = text.plist.xml; path = "Tests-Info.plist"; sourceTree = "<group>"; };
		6003F5B9195388D20070C39A /* en */ = {isa = PBXFileReference; lastKnownFileType = text.plist.strings; name = en; path = en.lproj/InfoPlist.strings; sourceTree = "<group>"; };
		6003F5BB195388D20070C39A /* Tests.m */ = {isa = PBXFileReference; lastKnownFileType = sourcecode.c.objc; path = Tests.m; sourceTree = "<group>"; };
		606FC2411953D9B200FFA9A0 /* Tests-Prefix.pch */ = {isa = PBXFileReference; lastKnownFileType = sourcecode.c.h; path = "Tests-Prefix.pch"; sourceTree = "<group>"; };
		6194B9A55A7F3B3E7086BD27 /* Pods-MWPhotoBrowser_New_Example.debug.xcconfig */ = {isa = PBXFileReference; includeInIndex = 1; lastKnownFileType = text.xcconfig; name = "Pods-MWPhotoBrowser_New_Example.debug.xcconfig"; path = "Pods/Target Support Files/Pods-MWPhotoBrowser_New_Example/Pods-MWPhotoBrowser_New_Example.debug.xcconfig"; sourceTree = "<group>"; };
		71719F9E1E33DC2100824A3D /* Base */ = {isa = PBXFileReference; lastKnownFileType = file.storyboard; name = Base; path = Base.lproj/LaunchScreen.storyboard; sourceTree = "<group>"; };
		7DEFC490F45EDD3303744F72 /* MWPhotoBrowser_New.podspec */ = {isa = PBXFileReference; includeInIndex = 1; lastKnownFileType = text; name = MWPhotoBrowser_New.podspec; path = ../MWPhotoBrowser_New.podspec; sourceTree = "<group>"; };
		87E88B7741EFB37E6313887F /* Pods-MWPhotoBrowser_New_Example.release.xcconfig */ = {isa = PBXFileReference; includeInIndex = 1; lastKnownFileType = text.xcconfig; name = "Pods-MWPhotoBrowser_New_Example.release.xcconfig"; path = "Pods/Target Support Files/Pods-MWPhotoBrowser_New_Example/Pods-MWPhotoBrowser_New_Example.release.xcconfig"; sourceTree = "<group>"; };
		93E5EF50AF20803491B699E3 /* Pods-MWPhotoBrowser_New_Tests.debug.xcconfig */ = {isa = PBXFileReference; includeInIndex = 1; lastKnownFileType = text.xcconfig; name = "Pods-MWPhotoBrowser_New_Tests.debug.xcconfig"; path = "Pods/Target Support Files/Pods-MWPhotoBrowser_New_Tests/Pods-MWPhotoBrowser_New_Tests.debug.xcconfig"; sourceTree = "<group>"; };
		A02D775F5A69E2CA2F63CE7E /* Pods-MWPhotoBrowser_New_Tests.release.xcconfig */ = {isa = PBXFileReference; includeInIndex = 1; lastKnownFileType = text.xcconfig; name = "Pods-MWPhotoBrowser_New_Tests.release.xcconfig"; path = "Pods/Target Support Files/Pods-MWPhotoBrowser_New_Tests/Pods-MWPhotoBrowser_New_Tests.release.xcconfig"; sourceTree = "<group>"; };
		CD4DA8F216044383E9ADCE61 /* Pods_MWPhotoBrowser_New_Example.framework */ = {isa = PBXFileReference; explicitFileType = wrapper.framework; includeInIndex = 0; path = Pods_MWPhotoBrowser_New_Example.framework; sourceTree = BUILT_PRODUCTS_DIR; };
		D93BB8FC84EFE0E996D05E24 /* Pods_MWPhotoBrowser_New_Tests.framework */ = {isa = PBXFileReference; explicitFileType = wrapper.framework; includeInIndex = 0; path = Pods_MWPhotoBrowser_New_Tests.framework; sourceTree = BUILT_PRODUCTS_DIR; };
		FC500E034E2F1AEB350EE7F0 /* README.md */ = {isa = PBXFileReference; includeInIndex = 1; lastKnownFileType = net.daringfireball.markdown; name = README.md; path = ../README.md; sourceTree = "<group>"; };
/* End PBXFileReference section */

/* Begin PBXFrameworksBuildPhase section */
		6003F587195388D20070C39A /* Frameworks */ = {
			isa = PBXFrameworksBuildPhase;
			buildActionMask = 2147483647;
			files = (
				6003F590195388D20070C39A /* CoreGraphics.framework in Frameworks */,
				6003F592195388D20070C39A /* UIKit.framework in Frameworks */,
				6003F58E195388D20070C39A /* Foundation.framework in Frameworks */,
				0FCF9D12DE410B80A7D202D4 /* Pods_MWPhotoBrowser_New_Example.framework in Frameworks */,
			);
			runOnlyForDeploymentPostprocessing = 0;
		};
		6003F5AB195388D20070C39A /* Frameworks */ = {
			isa = PBXFrameworksBuildPhase;
			buildActionMask = 2147483647;
			files = (
				6003F5B0195388D20070C39A /* XCTest.framework in Frameworks */,
				6003F5B2195388D20070C39A /* UIKit.framework in Frameworks */,
				6003F5B1195388D20070C39A /* Foundation.framework in Frameworks */,
				84BB32F0A9A6621AD876F8B2 /* Pods_MWPhotoBrowser_New_Tests.framework in Frameworks */,
			);
			runOnlyForDeploymentPostprocessing = 0;
		};
/* End PBXFrameworksBuildPhase section */

/* Begin PBXGroup section */
		34337A912114002A001B4CB2 /* Local Media */ = {
			isa = PBXGroup;
			children = (
				34337A922114002A001B4CB2 /* photo7t.jpg */,
				34337A932114002A001B4CB2 /* photo6t.jpg */,
				34337A942114002A001B4CB2 /* photo8.jpg */,
				34337A952114002A001B4CB2 /* photo1t.jpg */,
				34337A962114002A001B4CB2 /* video_thumb.jpg */,
				34337A972114002A001B4CB2 /* video.mp4 */,
				34337A982114002A001B4CB2 /* photo3t.jpg */,
				34337A992114002A001B4CB2 /* photo2t.jpg */,
				34337A9A2114002A001B4CB2 /* photo5t.jpg */,
				34337A9B2114002A001B4CB2 /* photo4.jpg */,
				34337A9C2114002A001B4CB2 /* photo5.jpg */,
				34337A9D2114002A001B4CB2 /* photo7.jpg */,
				34337A9E2114002A001B4CB2 /* photo6.jpg */,
				34337A9F2114002A001B4CB2 /* photo2.jpg */,
				34337AA02114002A001B4CB2 /* photo3.jpg */,
				34337AA12114002A001B4CB2 /* photo8t.jpg */,
				34337AA22114002A001B4CB2 /* photo1.jpg */,
				34337AA32114002A001B4CB2 /* photo4t.jpg */,
			);
			path = "Local Media";
			sourceTree = "<group>";
		};
		596D773595B381EA3FC634A8 /* Pods */ = {
			isa = PBXGroup;
			children = (
				6194B9A55A7F3B3E7086BD27 /* Pods-MWPhotoBrowser_New_Example.debug.xcconfig */,
				87E88B7741EFB37E6313887F /* Pods-MWPhotoBrowser_New_Example.release.xcconfig */,
				93E5EF50AF20803491B699E3 /* Pods-MWPhotoBrowser_New_Tests.debug.xcconfig */,
				A02D775F5A69E2CA2F63CE7E /* Pods-MWPhotoBrowser_New_Tests.release.xcconfig */,
			);
			name = Pods;
			sourceTree = "<group>";
		};
		6003F581195388D10070C39A = {
			isa = PBXGroup;
			children = (
				60FF7A9C1954A5C5007DD14C /* Podspec Metadata */,
				6003F593195388D20070C39A /* Example for MWPhotoBrowser_New */,
				6003F5B5195388D20070C39A /* Tests */,
				6003F58C195388D20070C39A /* Frameworks */,
				6003F58B195388D20070C39A /* Products */,
				596D773595B381EA3FC634A8 /* Pods */,
			);
			sourceTree = "<group>";
		};
		6003F58B195388D20070C39A /* Products */ = {
			isa = PBXGroup;
			children = (
				6003F58A195388D20070C39A /* MWPhotoBrowser_New_Example.app */,
				6003F5AE195388D20070C39A /* MWPhotoBrowser_New_Tests.xctest */,
			);
			name = Products;
			sourceTree = "<group>";
		};
		6003F58C195388D20070C39A /* Frameworks */ = {
			isa = PBXGroup;
			children = (
				6003F58D195388D20070C39A /* Foundation.framework */,
				6003F58F195388D20070C39A /* CoreGraphics.framework */,
				6003F591195388D20070C39A /* UIKit.framework */,
				6003F5AF195388D20070C39A /* XCTest.framework */,
				CD4DA8F216044383E9ADCE61 /* Pods_MWPhotoBrowser_New_Example.framework */,
				D93BB8FC84EFE0E996D05E24 /* Pods_MWPhotoBrowser_New_Tests.framework */,
			);
			name = Frameworks;
			sourceTree = "<group>";
		};
		6003F593195388D20070C39A /* Example for MWPhotoBrowser_New */ = {
			isa = PBXGroup;
			children = (
				34D1A73621131C9E00713BFC /* AppDelegate.h */,
				34D1A73721131C9E00713BFC /* AppDelegate.m */,
				34D1A73821131C9E00713BFC /* Menu.h */,
				3463FAFC21131DE700D4F1D3 /* Menu.m */,
				71719F9D1E33DC2100824A3D /* LaunchScreen.storyboard */,
				6003F5A8195388D20070C39A /* Images.xcassets */,
				3463FB2321131F2E00D4F1D3 /* Main.storyboard */,
				34337A912114002A001B4CB2 /* Local Media */,
				6003F594195388D20070C39A /* Supporting Files */,
			);
			name = "Example for MWPhotoBrowser_New";
			path = MWPhotoBrowser_New;
			sourceTree = "<group>";
		};
		6003F594195388D20070C39A /* Supporting Files */ = {
			isa = PBXGroup;
			children = (
				6003F595195388D20070C39A /* MWPhotoBrowser_New-Info.plist */,
				6003F596195388D20070C39A /* InfoPlist.strings */,
				6003F599195388D20070C39A /* main.m */,
				6003F59B195388D20070C39A /* MWPhotoBrowser_New-Prefix.pch */,
			);
			name = "Supporting Files";
			sourceTree = "<group>";
		};
		6003F5B5195388D20070C39A /* Tests */ = {
			isa = PBXGroup;
			children = (
				6003F5BB195388D20070C39A /* Tests.m */,
				6003F5B6195388D20070C39A /* Supporting Files */,
			);
			path = Tests;
			sourceTree = "<group>";
		};
		6003F5B6195388D20070C39A /* Supporting Files */ = {
			isa = PBXGroup;
			children = (
				6003F5B7195388D20070C39A /* Tests-Info.plist */,
				6003F5B8195388D20070C39A /* InfoPlist.strings */,
				606FC2411953D9B200FFA9A0 /* Tests-Prefix.pch */,
			);
			name = "Supporting Files";
			sourceTree = "<group>";
		};
		60FF7A9C1954A5C5007DD14C /* Podspec Metadata */ = {
			isa = PBXGroup;
			children = (
				7DEFC490F45EDD3303744F72 /* MWPhotoBrowser_New.podspec */,
				FC500E034E2F1AEB350EE7F0 /* README.md */,
				426CD9664314FD1C1018BAE1 /* LICENSE */,
			);
			name = "Podspec Metadata";
			sourceTree = "<group>";
		};
/* End PBXGroup section */

/* Begin PBXNativeTarget section */
		6003F589195388D20070C39A /* MWPhotoBrowser_New_Example */ = {
			isa = PBXNativeTarget;
			buildConfigurationList = 6003F5BF195388D20070C39A /* Build configuration list for PBXNativeTarget "MWPhotoBrowser_New_Example" */;
			buildPhases = (
				5D8C6F7E08915F429D277F1C /* [CP] Check Pods Manifest.lock */,
				6003F586195388D20070C39A /* Sources */,
				6003F587195388D20070C39A /* Frameworks */,
				6003F588195388D20070C39A /* Resources */,
				7A733912B9BC7A50F14B6CE8 /* [CP] Embed Pods Frameworks */,
			);
			buildRules = (
			);
			dependencies = (
			);
			name = MWPhotoBrowser_New_Example;
			productName = MWPhotoBrowser_New;
			productReference = 6003F58A195388D20070C39A /* MWPhotoBrowser_New_Example.app */;
			productType = "com.apple.product-type.application";
		};
		6003F5AD195388D20070C39A /* MWPhotoBrowser_New_Tests */ = {
			isa = PBXNativeTarget;
			buildConfigurationList = 6003F5C2195388D20070C39A /* Build configuration list for PBXNativeTarget "MWPhotoBrowser_New_Tests" */;
			buildPhases = (
				E37CDB7043C5E584D58990CF /* [CP] Check Pods Manifest.lock */,
				6003F5AA195388D20070C39A /* Sources */,
				6003F5AB195388D20070C39A /* Frameworks */,
				6003F5AC195388D20070C39A /* Resources */,
			);
			buildRules = (
			);
			dependencies = (
				6003F5B4195388D20070C39A /* PBXTargetDependency */,
			);
			name = MWPhotoBrowser_New_Tests;
			productName = MWPhotoBrowser_NewTests;
			productReference = 6003F5AE195388D20070C39A /* MWPhotoBrowser_New_Tests.xctest */;
			productType = "com.apple.product-type.bundle.unit-test";
		};
/* End PBXNativeTarget section */

/* Begin PBXProject section */
		6003F582195388D10070C39A /* Project object */ = {
			isa = PBXProject;
			attributes = {
				CLASSPREFIX = ZH;
				LastUpgradeCheck = 0720;
				ORGANIZATIONNAME = harddog;
				TargetAttributes = {
					6003F5AD195388D20070C39A = {
						TestTargetID = 6003F589195388D20070C39A;
					};
				};
			};
			buildConfigurationList = 6003F585195388D10070C39A /* Build configuration list for PBXProject "MWPhotoBrowser_New" */;
			compatibilityVersion = "Xcode 3.2";
			developmentRegion = English;
			hasScannedForEncodings = 0;
			knownRegions = (
				en,
				Base,
			);
			mainGroup = 6003F581195388D10070C39A;
			productRefGroup = 6003F58B195388D20070C39A /* Products */;
			projectDirPath = "";
			projectRoot = "";
			targets = (
				6003F589195388D20070C39A /* MWPhotoBrowser_New_Example */,
				6003F5AD195388D20070C39A /* MWPhotoBrowser_New_Tests */,
			);
		};
/* End PBXProject section */

/* Begin PBXResourcesBuildPhase section */
		6003F588195388D20070C39A /* Resources */ = {
			isa = PBXResourcesBuildPhase;
			buildActionMask = 2147483647;
			files = (
				34337AB32114002A001B4CB2 /* photo8t.jpg in Resources */,
				34337AA52114002A001B4CB2 /* photo6t.jpg in Resources */,
				34337AA92114002A001B4CB2 /* video.mp4 in Resources */,
				34337AB22114002A001B4CB2 /* photo3.jpg in Resources */,
				34337AA72114002A001B4CB2 /* photo1t.jpg in Resources */,
				3463FB2421131F2E00D4F1D3 /* Main.storyboard in Resources */,
				34337AAA2114002A001B4CB2 /* photo3t.jpg in Resources */,
				34337AAC2114002A001B4CB2 /* photo5t.jpg in Resources */,
				71719F9F1E33DC2100824A3D /* LaunchScreen.storyboard in Resources */,
				34337AB12114002A001B4CB2 /* photo2.jpg in Resources */,
				34337AAD2114002A001B4CB2 /* photo4.jpg in Resources */,
				34337AAB2114002A001B4CB2 /* photo2t.jpg in Resources */,
				34337AA82114002A001B4CB2 /* video_thumb.jpg in Resources */,
				34337AAF2114002A001B4CB2 /* photo7.jpg in Resources */,
				34337AAE2114002A001B4CB2 /* photo5.jpg in Resources */,
				34337AB02114002A001B4CB2 /* photo6.jpg in Resources */,
				34337AA62114002A001B4CB2 /* photo8.jpg in Resources */,
				34337AB42114002A001B4CB2 /* photo1.jpg in Resources */,
				34337AB52114002A001B4CB2 /* photo4t.jpg in Resources */,
				34337AA42114002A001B4CB2 /* photo7t.jpg in Resources */,
				6003F5A9195388D20070C39A /* Images.xcassets in Resources */,
				6003F598195388D20070C39A /* InfoPlist.strings in Resources */,
			);
			runOnlyForDeploymentPostprocessing = 0;
		};
		6003F5AC195388D20070C39A /* Resources */ = {
			isa = PBXResourcesBuildPhase;
			buildActionMask = 2147483647;
			files = (
				6003F5BA195388D20070C39A /* InfoPlist.strings in Resources */,
			);
			runOnlyForDeploymentPostprocessing = 0;
		};
/* End PBXResourcesBuildPhase section */

/* Begin PBXShellScriptBuildPhase section */
		5D8C6F7E08915F429D277F1C /* [CP] Check Pods Manifest.lock */ = {
			isa = PBXShellScriptBuildPhase;
			buildActionMask = 2147483647;
			files = (
			);
			inputPaths = (
				"${PODS_PODFILE_DIR_PATH}/Podfile.lock",
				"${PODS_ROOT}/Manifest.lock",
			);
			name = "[CP] Check Pods Manifest.lock";
			outputPaths = (
				"$(DERIVED_FILE_DIR)/Pods-MWPhotoBrowser_New_Example-checkManifestLockResult.txt",
			);
			runOnlyForDeploymentPostprocessing = 0;
			shellPath = /bin/sh;
			shellScript = "diff \"${PODS_PODFILE_DIR_PATH}/Podfile.lock\" \"${PODS_ROOT}/Manifest.lock\" > /dev/null\nif [ $? != 0 ] ; then\n    # print error to STDERR\n    echo \"error: The sandbox is not in sync with the Podfile.lock. Run 'pod install' or update your CocoaPods installation.\" >&2\n    exit 1\nfi\n# This output is used by Xcode 'outputs' to avoid re-running this script phase.\necho \"SUCCESS\" > \"${SCRIPT_OUTPUT_FILE_0}\"\n";
			showEnvVarsInLog = 0;
		};
		7A733912B9BC7A50F14B6CE8 /* [CP] Embed Pods Frameworks */ = {
			isa = PBXShellScriptBuildPhase;
			buildActionMask = 2147483647;
			files = (
			);
			inputPaths = (
				"${SRCROOT}/Pods/Target Support Files/Pods-MWPhotoBrowser_New_Example/Pods-MWPhotoBrowser_New_Example-frameworks.sh",
				"${BUILT_PRODUCTS_DIR}/DACircularProgress/DACircularProgress.framework",
				"${BUILT_PRODUCTS_DIR}/MBProgressHUD/MBProgressHUD.framework",
				"${BUILT_PRODUCTS_DIR}/MWPhotoBrowser_New/MWPhotoBrowser_New.framework",
				"${BUILT_PRODUCTS_DIR}/SDWebImage/SDWebImage.framework",
			);
			name = "[CP] Embed Pods Frameworks";
			outputPaths = (
				"${TARGET_BUILD_DIR}/${FRAMEWORKS_FOLDER_PATH}/DACircularProgress.framework",
				"${TARGET_BUILD_DIR}/${FRAMEWORKS_FOLDER_PATH}/MBProgressHUD.framework",
				"${TARGET_BUILD_DIR}/${FRAMEWORKS_FOLDER_PATH}/MWPhotoBrowser_New.framework",
				"${TARGET_BUILD_DIR}/${FRAMEWORKS_FOLDER_PATH}/SDWebImage.framework",
			);
			runOnlyForDeploymentPostprocessing = 0;
			shellPath = /bin/sh;
			shellScript = "\"${SRCROOT}/Pods/Target Support Files/Pods-MWPhotoBrowser_New_Example/Pods-MWPhotoBrowser_New_Example-frameworks.sh\"\n";
			showEnvVarsInLog = 0;
		};
		E37CDB7043C5E584D58990CF /* [CP] Check Pods Manifest.lock */ = {
			isa = PBXShellScriptBuildPhase;
			buildActionMask = 2147483647;
			files = (
			);
			inputPaths = (
				"${PODS_PODFILE_DIR_PATH}/Podfile.lock",
				"${PODS_ROOT}/Manifest.lock",
			);
			name = "[CP] Check Pods Manifest.lock";
			outputPaths = (
				"$(DERIVED_FILE_DIR)/Pods-MWPhotoBrowser_New_Tests-checkManifestLockResult.txt",
			);
			runOnlyForDeploymentPostprocessing = 0;
			shellPath = /bin/sh;
			shellScript = "diff \"${PODS_PODFILE_DIR_PATH}/Podfile.lock\" \"${PODS_ROOT}/Manifest.lock\" > /dev/null\nif [ $? != 0 ] ; then\n    # print error to STDERR\n    echo \"error: The sandbox is not in sync with the Podfile.lock. Run 'pod install' or update your CocoaPods installation.\" >&2\n    exit 1\nfi\n# This output is used by Xcode 'outputs' to avoid re-running this script phase.\necho \"SUCCESS\" > \"${SCRIPT_OUTPUT_FILE_0}\"\n";
			showEnvVarsInLog = 0;
		};
/* End PBXShellScriptBuildPhase section */

/* Begin PBXSourcesBuildPhase section */
		6003F586195388D20070C39A /* Sources */ = {
			isa = PBXSourcesBuildPhase;
			buildActionMask = 2147483647;
			files = (
				3463FAFB21131DDC00D4F1D3 /* AppDelegate.m in Sources */,
				6003F59A195388D20070C39A /* main.m in Sources */,
				3463FAFD21131DE700D4F1D3 /* Menu.m in Sources */,
			);
			runOnlyForDeploymentPostprocessing = 0;
		};
		6003F5AA195388D20070C39A /* Sources */ = {
			isa = PBXSourcesBuildPhase;
			buildActionMask = 2147483647;
			files = (
				6003F5BC195388D20070C39A /* Tests.m in Sources */,
			);
			runOnlyForDeploymentPostprocessing = 0;
		};
/* End PBXSourcesBuildPhase section */

/* Begin PBXTargetDependency section */
		6003F5B4195388D20070C39A /* PBXTargetDependency */ = {
			isa = PBXTargetDependency;
			target = 6003F589195388D20070C39A /* MWPhotoBrowser_New_Example */;
			targetProxy = 6003F5B3195388D20070C39A /* PBXContainerItemProxy */;
		};
/* End PBXTargetDependency section */

/* Begin PBXVariantGroup section */
		6003F596195388D20070C39A /* InfoPlist.strings */ = {
			isa = PBXVariantGroup;
			children = (
				6003F597195388D20070C39A /* en */,
			);
			name = InfoPlist.strings;
			sourceTree = "<group>";
		};
		6003F5B8195388D20070C39A /* InfoPlist.strings */ = {
			isa = PBXVariantGroup;
			children = (
				6003F5B9195388D20070C39A /* en */,
			);
			name = InfoPlist.strings;
			sourceTree = "<group>";
		};
		71719F9D1E33DC2100824A3D /* LaunchScreen.storyboard */ = {
			isa = PBXVariantGroup;
			children = (
				71719F9E1E33DC2100824A3D /* Base */,
			);
			name = LaunchScreen.storyboard;
			sourceTree = "<group>";
		};
/* End PBXVariantGroup section */

/* Begin XCBuildConfiguration section */
		6003F5BD195388D20070C39A /* Debug */ = {
			isa = XCBuildConfiguration;
			buildSettings = {
				ALWAYS_SEARCH_USER_PATHS = NO;
				CLANG_CXX_LANGUAGE_STANDARD = "gnu++0x";
				CLANG_CXX_LIBRARY = "libc++";
				CLANG_ENABLE_MODULES = YES;
				CLANG_ENABLE_OBJC_ARC = YES;
				CLANG_WARN_BOOL_CONVERSION = YES;
				CLANG_WARN_CONSTANT_CONVERSION = YES;
				CLANG_WARN_DIRECT_OBJC_ISA_USAGE = YES_ERROR;
				CLANG_WARN_EMPTY_BODY = YES;
				CLANG_WARN_ENUM_CONVERSION = YES;
				CLANG_WARN_INT_CONVERSION = YES;
				CLANG_WARN_OBJC_ROOT_CLASS = YES_ERROR;
				CLANG_WARN__DUPLICATE_METHOD_MATCH = YES;
				"CODE_SIGN_IDENTITY[sdk=iphoneos*]" = "iPhone Developer";
				COPY_PHASE_STRIP = NO;
				ENABLE_BITCODE = NO;
				ENABLE_TESTABILITY = YES;
				GCC_C_LANGUAGE_STANDARD = gnu99;
				GCC_DYNAMIC_NO_PIC = NO;
				GCC_OPTIMIZATION_LEVEL = 0;
				GCC_PREPROCESSOR_DEFINITIONS = (
					"DEBUG=1",
					"$(inherited)",
				);
				GCC_SYMBOLS_PRIVATE_EXTERN = NO;
				GCC_WARN_64_TO_32_BIT_CONVERSION = YES;
				GCC_WARN_ABOUT_RETURN_TYPE = YES_ERROR;
				GCC_WARN_UNDECLARED_SELECTOR = YES;
				GCC_WARN_UNINITIALIZED_AUTOS = YES_AGGRESSIVE;
				GCC_WARN_UNUSED_FUNCTION = YES;
				GCC_WARN_UNUSED_VARIABLE = YES;
				IPHONEOS_DEPLOYMENT_TARGET = 9.3;
				ONLY_ACTIVE_ARCH = YES;
				SDKROOT = iphoneos;
				TARGETED_DEVICE_FAMILY = "1,2";
			};
			name = Debug;
		};
		6003F5BE195388D20070C39A /* Release */ = {
			isa = XCBuildConfiguration;
			buildSettings = {
				ALWAYS_SEARCH_USER_PATHS = NO;
				CLANG_CXX_LANGUAGE_STANDARD = "gnu++0x";
				CLANG_CXX_LIBRARY = "libc++";
				CLANG_ENABLE_MODULES = YES;
				CLANG_ENABLE_OBJC_ARC = YES;
				CLANG_WARN_BOOL_CONVERSION = YES;
				CLANG_WARN_CONSTANT_CONVERSION = YES;
				CLANG_WARN_DIRECT_OBJC_ISA_USAGE = YES_ERROR;
				CLANG_WARN_EMPTY_BODY = YES;
				CLANG_WARN_ENUM_CONVERSION = YES;
				CLANG_WARN_INT_CONVERSION = YES;
				CLANG_WARN_OBJC_ROOT_CLASS = YES_ERROR;
				CLANG_WARN__DUPLICATE_METHOD_MATCH = YES;
				"CODE_SIGN_IDENTITY[sdk=iphoneos*]" = "iPhone Developer";
				COPY_PHASE_STRIP = YES;
				ENABLE_BITCODE = NO;
				ENABLE_NS_ASSERTIONS = NO;
				GCC_C_LANGUAGE_STANDARD = gnu99;
				GCC_WARN_64_TO_32_BIT_CONVERSION = YES;
				GCC_WARN_ABOUT_RETURN_TYPE = YES_ERROR;
				GCC_WARN_UNDECLARED_SELECTOR = YES;
				GCC_WARN_UNINITIALIZED_AUTOS = YES_AGGRESSIVE;
				GCC_WARN_UNUSED_FUNCTION = YES;
				GCC_WARN_UNUSED_VARIABLE = YES;
				IPHONEOS_DEPLOYMENT_TARGET = 9.3;
				SDKROOT = iphoneos;
				TARGETED_DEVICE_FAMILY = "1,2";
				VALIDATE_PRODUCT = YES;
			};
			name = Release;
		};
		6003F5C0195388D20070C39A /* Debug */ = {
			isa = XCBuildConfiguration;
			baseConfigurationReference = 6194B9A55A7F3B3E7086BD27 /* Pods-MWPhotoBrowser_New_Example.debug.xcconfig */;
			buildSettings = {
				ASSETCATALOG_COMPILER_APPICON_NAME = AppIcon;
				ENABLE_BITCODE = NO;
				GCC_PRECOMPILE_PREFIX_HEADER = YES;
				GCC_PREFIX_HEADER = "MWPhotoBrowser_New/MWPhotoBrowser_New-Prefix.pch";
				INFOPLIST_FILE = "MWPhotoBrowser_New/MWPhotoBrowser_New-Info.plist";
				MODULE_NAME = ExampleApp;
				PRODUCT_BUNDLE_IDENTIFIER = "org.cocoapods.demo.${PRODUCT_NAME:rfc1034identifier}";
				PRODUCT_NAME = "$(TARGET_NAME)";
				WRAPPER_EXTENSION = app;
			};
			name = Debug;
		};
		6003F5C1195388D20070C39A /* Release */ = {
			isa = XCBuildConfiguration;
			baseConfigurationReference = 87E88B7741EFB37E6313887F /* Pods-MWPhotoBrowser_New_Example.release.xcconfig */;
			buildSettings = {
				ASSETCATALOG_COMPILER_APPICON_NAME = AppIcon;
				ENABLE_BITCODE = NO;
				GCC_PRECOMPILE_PREFIX_HEADER = YES;
				GCC_PREFIX_HEADER = "MWPhotoBrowser_New/MWPhotoBrowser_New-Prefix.pch";
				INFOPLIST_FILE = "MWPhotoBrowser_New/MWPhotoBrowser_New-Info.plist";
				MODULE_NAME = ExampleApp;
				PRODUCT_BUNDLE_IDENTIFIER = "org.cocoapods.demo.${PRODUCT_NAME:rfc1034identifier}";
				PRODUCT_NAME = "$(TARGET_NAME)";
				WRAPPER_EXTENSION = app;
			};
			name = Release;
		};
		6003F5C3195388D20070C39A /* Debug */ = {
			isa = XCBuildConfiguration;
			baseConfigurationReference = 93E5EF50AF20803491B699E3 /* Pods-MWPhotoBrowser_New_Tests.debug.xcconfig */;
			buildSettings = {
				BUNDLE_LOADER = "$(TEST_HOST)";
				FRAMEWORK_SEARCH_PATHS = (
					"$(SDKROOT)/Developer/Library/Frameworks",
					"$(inherited)",
					"$(DEVELOPER_FRAMEWORKS_DIR)",
				);
				GCC_PRECOMPILE_PREFIX_HEADER = YES;
				GCC_PREFIX_HEADER = "Tests/Tests-Prefix.pch";
				GCC_PREPROCESSOR_DEFINITIONS = (
					"DEBUG=1",
					"$(inherited)",
				);
				INFOPLIST_FILE = "Tests/Tests-Info.plist";
				PRODUCT_BUNDLE_IDENTIFIER = "org.cocoapods.demo.${PRODUCT_NAME:rfc1034identifier}";
				PRODUCT_NAME = "$(TARGET_NAME)";
				TEST_HOST = "$(BUILT_PRODUCTS_DIR)/MWPhotoBrowser_New_Example.app/MWPhotoBrowser_New_Example";
				WRAPPER_EXTENSION = xctest;
			};
			name = Debug;
		};
		6003F5C4195388D20070C39A /* Release */ = {
			isa = XCBuildConfiguration;
			baseConfigurationReference = A02D775F5A69E2CA2F63CE7E /* Pods-MWPhotoBrowser_New_Tests.release.xcconfig */;
			buildSettings = {
				BUNDLE_LOADER = "$(TEST_HOST)";
				FRAMEWORK_SEARCH_PATHS = (
					"$(SDKROOT)/Developer/Library/Frameworks",
					"$(inherited)",
					"$(DEVELOPER_FRAMEWORKS_DIR)",
				);
				GCC_PRECOMPILE_PREFIX_HEADER = YES;
				GCC_PREFIX_HEADER = "Tests/Tests-Prefix.pch";
				INFOPLIST_FILE = "Tests/Tests-Info.plist";
				PRODUCT_BUNDLE_IDENTIFIER = "org.cocoapods.demo.${PRODUCT_NAME:rfc1034identifier}";
				PRODUCT_NAME = "$(TARGET_NAME)";
				TEST_HOST = "$(BUILT_PRODUCTS_DIR)/MWPhotoBrowser_New_Example.app/MWPhotoBrowser_New_Example";
				WRAPPER_EXTENSION = xctest;
			};
			name = Release;
		};
/* End XCBuildConfiguration section */

/* Begin XCConfigurationList section */
		6003F585195388D10070C39A /* Build configuration list for PBXProject "MWPhotoBrowser_New" */ = {
			isa = XCConfigurationList;
			buildConfigurations = (
				6003F5BD195388D20070C39A /* Debug */,
				6003F5BE195388D20070C39A /* Release */,
			);
			defaultConfigurationIsVisible = 0;
			defaultConfigurationName = Release;
		};
		6003F5BF195388D20070C39A /* Build configuration list for PBXNativeTarget "MWPhotoBrowser_New_Example" */ = {
			isa = XCConfigurationList;
			buildConfigurations = (
				6003F5C0195388D20070C39A /* Debug */,
				6003F5C1195388D20070C39A /* Release */,
			);
			defaultConfigurationIsVisible = 0;
			defaultConfigurationName = Release;
		};
		6003F5C2195388D20070C39A /* Build configuration list for PBXNativeTarget "MWPhotoBrowser_New_Tests" */ = {
			isa = XCConfigurationList;
			buildConfigurations = (
				6003F5C3195388D20070C39A /* Debug */,
				6003F5C4195388D20070C39A /* Release */,
			);
			defaultConfigurationIsVisible = 0;
			defaultConfigurationName = Release;
		};
/* End XCConfigurationList section */
	};
	rootObject = 6003F582195388D10070C39A /* Project object */;
}
